// !$*UTF8*$!
{
	archiveVersion = 1;
	classes = {
	};
	objectVersion = 55;
	objects = {

/* Begin PBXBuildFile section */
		700FDFD22801359100B19911 /* DetailTaskViewController.swift in Sources */ = {isa = PBXBuildFile; fileRef = 700FDFD12801359100B19911 /* DetailTaskViewController.swift */; };
		7018B78F280409DC00F11FA7 /* EditTaskViewController.swift in Sources */ = {isa = PBXBuildFile; fileRef = 7018B78E280409DC00F11FA7 /* EditTaskViewController.swift */; };
		7018B7912804292600F11FA7 /* PrioritizeViewController.swift in Sources */ = {isa = PBXBuildFile; fileRef = 7018B7902804292600F11FA7 /* PrioritizeViewController.swift */; };
		701C5C9C27FC2FFE0021B59C /* AppDelegate.swift in Sources */ = {isa = PBXBuildFile; fileRef = 701C5C9B27FC2FFE0021B59C /* AppDelegate.swift */; };
		701C5C9E27FC2FFE0021B59C /* SceneDelegate.swift in Sources */ = {isa = PBXBuildFile; fileRef = 701C5C9D27FC2FFE0021B59C /* SceneDelegate.swift */; };
		701C5CA027FC2FFE0021B59C /* ViewController.swift in Sources */ = {isa = PBXBuildFile; fileRef = 701C5C9F27FC2FFE0021B59C /* ViewController.swift */; };
		701C5CA327FC2FFE0021B59C /* Main.storyboard in Resources */ = {isa = PBXBuildFile; fileRef = 701C5CA127FC2FFE0021B59C /* Main.storyboard */; };
		701C5CA527FC30010021B59C /* Assets.xcassets in Resources */ = {isa = PBXBuildFile; fileRef = 701C5CA427FC30010021B59C /* Assets.xcassets */; };
		701C5CA827FC30010021B59C /* LaunchScreen.storyboard in Resources */ = {isa = PBXBuildFile; fileRef = 701C5CA627FC30010021B59C /* LaunchScreen.storyboard */; };
		7024F6BE280481A30008DA58 /* UserDefaults + Extension.swift in Sources */ = {isa = PBXBuildFile; fileRef = 7024F6BD280481A30008DA58 /* UserDefaults + Extension.swift */; };
		7024F6C0280485070008DA58 /* FlowtimeViewController.swift in Sources */ = {isa = PBXBuildFile; fileRef = 7024F6BF280485070008DA58 /* FlowtimeViewController.swift */; };
		704D858527FEC96800716768 /* TaskModel.swift in Sources */ = {isa = PBXBuildFile; fileRef = 704D858427FEC96800716768 /* TaskModel.swift */; };
		704D858927FECEFF00716768 /* Model.xcdatamodeld in Sources */ = {isa = PBXBuildFile; fileRef = 704D858727FECEFF00716768 /* Model.xcdatamodeld */; };
		704D859827FEE70000716768 /* AddTaskViewController.swift in Sources */ = {isa = PBXBuildFile; fileRef = 704D859727FEE70000716768 /* AddTaskViewController.swift */; };
		705AC0C627FD805B00DD3890 /* CustomTableViewCell.swift in Sources */ = {isa = PBXBuildFile; fileRef = 705AC0C527FD805B00DD3890 /* CustomTableViewCell.swift */; };
		70AAC4AA27FFF0B400ABF66E /* HelpViewController.swift in Sources */ = {isa = PBXBuildFile; fileRef = 70AAC4A927FFF0B400ABF66E /* HelpViewController.swift */; };
		70AAC4B12800177B00ABF66E /* OnBoardingViewController.swift in Sources */ = {isa = PBXBuildFile; fileRef = 70AAC4B02800177B00ABF66E /* OnBoardingViewController.swift */; };
		70B4FFBB28056943008BBF83 /* PomodoroViewController.swift in Sources */ = {isa = PBXBuildFile; fileRef = 70B4FFBA28056943008BBF83 /* PomodoroViewController.swift */; };
		70B4FFBD2805782F008BBF83 /* NSMutableAttributedString+Extension.swift in Sources */ = {isa = PBXBuildFile; fileRef = 70B4FFBC2805782F008BBF83 /* NSMutableAttributedString+Extension.swift */; };
		70F002A32800375600DC34A2 /* AlertViewController.swift in Sources */ = {isa = PBXBuildFile; fileRef = 70F002A22800375600DC34A2 /* AlertViewController.swift */; };
		70F002A6280049A500DC34A2 /* TaskItem+CoreDataClass.swift in Sources */ = {isa = PBXBuildFile; fileRef = 70F002A4280049A500DC34A2 /* TaskItem+CoreDataClass.swift */; };
		70F002A7280049A500DC34A2 /* TaskItem+CoreDataProperties.swift in Sources */ = {isa = PBXBuildFile; fileRef = 70F002A5280049A500DC34A2 /* TaskItem+CoreDataProperties.swift */; };
/* End PBXBuildFile section */

/* Begin PBXFileReference section */
		700FDFD12801359100B19911 /* DetailTaskViewController.swift */ = {isa = PBXFileReference; lastKnownFileType = sourcecode.swift; path = DetailTaskViewController.swift; sourceTree = "<group>"; };
		7018B78E280409DC00F11FA7 /* EditTaskViewController.swift */ = {isa = PBXFileReference; lastKnownFileType = sourcecode.swift; path = EditTaskViewController.swift; sourceTree = "<group>"; };
		7018B7902804292600F11FA7 /* PrioritizeViewController.swift */ = {isa = PBXFileReference; lastKnownFileType = sourcecode.swift; path = PrioritizeViewController.swift; sourceTree = "<group>"; };
		701C5C9827FC2FFE0021B59C /* Mini Challenge 1 Team 13.app */ = {isa = PBXFileReference; explicitFileType = wrapper.application; includeInIndex = 0; path = "Mini Challenge 1 Team 13.app"; sourceTree = BUILT_PRODUCTS_DIR; };
		701C5C9B27FC2FFE0021B59C /* AppDelegate.swift */ = {isa = PBXFileReference; lastKnownFileType = sourcecode.swift; path = AppDelegate.swift; sourceTree = "<group>"; };
		701C5C9D27FC2FFE0021B59C /* SceneDelegate.swift */ = {isa = PBXFileReference; lastKnownFileType = sourcecode.swift; path = SceneDelegate.swift; sourceTree = "<group>"; };
		701C5C9F27FC2FFE0021B59C /* ViewController.swift */ = {isa = PBXFileReference; lastKnownFileType = sourcecode.swift; path = ViewController.swift; sourceTree = "<group>"; };
		701C5CA227FC2FFE0021B59C /* Base */ = {isa = PBXFileReference; lastKnownFileType = file.storyboard; name = Base; path = Base.lproj/Main.storyboard; sourceTree = "<group>"; };
		701C5CA427FC30010021B59C /* Assets.xcassets */ = {isa = PBXFileReference; lastKnownFileType = folder.assetcatalog; path = Assets.xcassets; sourceTree = "<group>"; };
		701C5CA727FC30010021B59C /* Base */ = {isa = PBXFileReference; lastKnownFileType = file.storyboard; name = Base; path = Base.lproj/LaunchScreen.storyboard; sourceTree = "<group>"; };
		701C5CA927FC30010021B59C /* Info.plist */ = {isa = PBXFileReference; lastKnownFileType = text.plist.xml; path = Info.plist; sourceTree = "<group>"; };
		7024F6BD280481A30008DA58 /* UserDefaults + Extension.swift */ = {isa = PBXFileReference; lastKnownFileType = sourcecode.swift; path = "UserDefaults + Extension.swift"; sourceTree = "<group>"; };
		7024F6BF280485070008DA58 /* FlowtimeViewController.swift */ = {isa = PBXFileReference; lastKnownFileType = sourcecode.swift; path = FlowtimeViewController.swift; sourceTree = "<group>"; };
		704D858427FEC96800716768 /* TaskModel.swift */ = {isa = PBXFileReference; lastKnownFileType = sourcecode.swift; path = TaskModel.swift; sourceTree = "<group>"; };
		704D858827FECEFF00716768 /* Model.xcdatamodel */ = {isa = PBXFileReference; lastKnownFileType = wrapper.xcdatamodel; path = Model.xcdatamodel; sourceTree = "<group>"; };
		704D859727FEE70000716768 /* AddTaskViewController.swift */ = {isa = PBXFileReference; lastKnownFileType = sourcecode.swift; path = AddTaskViewController.swift; sourceTree = "<group>"; };
		705AC0C527FD805B00DD3890 /* CustomTableViewCell.swift */ = {isa = PBXFileReference; lastKnownFileType = sourcecode.swift; path = CustomTableViewCell.swift; sourceTree = "<group>"; };
		70AAC4A927FFF0B400ABF66E /* HelpViewController.swift */ = {isa = PBXFileReference; lastKnownFileType = sourcecode.swift; path = HelpViewController.swift; sourceTree = "<group>"; };
		70AAC4B02800177B00ABF66E /* OnBoardingViewController.swift */ = {isa = PBXFileReference; lastKnownFileType = sourcecode.swift; path = OnBoardingViewController.swift; sourceTree = "<group>"; };
		70B4FFBA28056943008BBF83 /* PomodoroViewController.swift */ = {isa = PBXFileReference; lastKnownFileType = sourcecode.swift; path = PomodoroViewController.swift; sourceTree = "<group>"; };
		70B4FFBC2805782F008BBF83 /* NSMutableAttributedString+Extension.swift */ = {isa = PBXFileReference; lastKnownFileType = sourcecode.swift; path = "NSMutableAttributedString+Extension.swift"; sourceTree = "<group>"; };
		70F002A22800375600DC34A2 /* AlertViewController.swift */ = {isa = PBXFileReference; lastKnownFileType = sourcecode.swift; path = AlertViewController.swift; sourceTree = "<group>"; };
		70F002A4280049A500DC34A2 /* TaskItem+CoreDataClass.swift */ = {isa = PBXFileReference; lastKnownFileType = sourcecode.swift; path = "TaskItem+CoreDataClass.swift"; sourceTree = "<group>"; };
		70F002A5280049A500DC34A2 /* TaskItem+CoreDataProperties.swift */ = {isa = PBXFileReference; lastKnownFileType = sourcecode.swift; path = "TaskItem+CoreDataProperties.swift"; sourceTree = "<group>"; };
/* End PBXFileReference section */

/* Begin PBXFrameworksBuildPhase section */
		701C5C9527FC2FFE0021B59C /* Frameworks */ = {
			isa = PBXFrameworksBuildPhase;
			buildActionMask = 2147483647;
			files = (
			);
			runOnlyForDeploymentPostprocessing = 0;
		};
/* End PBXFrameworksBuildPhase section */

/* Begin PBXGroup section */
		701C5C8F27FC2FFE0021B59C = {
			isa = PBXGroup;
			children = (
				701C5C9A27FC2FFE0021B59C /* Mini Challenge 1 Team 13 */,
				701C5C9927FC2FFE0021B59C /* Products */,
			);
			sourceTree = "<group>";
		};
		701C5C9927FC2FFE0021B59C /* Products */ = {
			isa = PBXGroup;
			children = (
				701C5C9827FC2FFE0021B59C /* Mini Challenge 1 Team 13.app */,
			);
			name = Products;
			sourceTree = "<group>";
		};
		701C5C9A27FC2FFE0021B59C /* Mini Challenge 1 Team 13 */ = {
			isa = PBXGroup;
			children = (
				704D858E27FED2D100716768 /* TaskItem */,
				70AAC4AB2800168300ABF66E /* Models */,
				70AAC4AF2800175200ABF66E /* CustomTableViewCell */,
				70AAC4AC2800168F00ABF66E /* Views */,
				701C5C9B27FC2FFE0021B59C /* AppDelegate.swift */,
				701C5C9D27FC2FFE0021B59C /* SceneDelegate.swift */,
				70F002A22800375600DC34A2 /* AlertViewController.swift */,
				7024F6BD280481A30008DA58 /* UserDefaults + Extension.swift */,
				701C5CA127FC2FFE0021B59C /* Main.storyboard */,
				701C5CA427FC30010021B59C /* Assets.xcassets */,
				701C5CA627FC30010021B59C /* LaunchScreen.storyboard */,
				701C5CA927FC30010021B59C /* Info.plist */,
				704D858727FECEFF00716768 /* Model.xcdatamodeld */,
			);
			path = "Mini Challenge 1 Team 13";
			sourceTree = "<group>";
		};
		7024F6BC28047B3F0008DA58 /* Detail Task */ = {
			isa = PBXGroup;
			children = (
				700FDFD12801359100B19911 /* DetailTaskViewController.swift */,
				7018B78E280409DC00F11FA7 /* EditTaskViewController.swift */,
				7024F6BF280485070008DA58 /* FlowtimeViewController.swift */,
				70B4FFBA28056943008BBF83 /* PomodoroViewController.swift */,
				70B4FFBC2805782F008BBF83 /* NSMutableAttributedString+Extension.swift */,
			);
			path = "Detail Task";
			sourceTree = "<group>";
		};
		704D858327FEBF1200716768 /* My Task */ = {
			isa = PBXGroup;
			children = (
				701C5C9F27FC2FFE0021B59C /* ViewController.swift */,
				704D859727FEE70000716768 /* AddTaskViewController.swift */,
			);
			path = "My Task";
			sourceTree = "<group>";
		};
		704D858E27FED2D100716768 /* TaskItem */ = {
			isa = PBXGroup;
			children = (
				70F002A4280049A500DC34A2 /* TaskItem+CoreDataClass.swift */,
				70F002A5280049A500DC34A2 /* TaskItem+CoreDataProperties.swift */,
			);
			path = TaskItem;
			sourceTree = "<group>";
		};
		70AAC4AB2800168300ABF66E /* Models */ = {
			isa = PBXGroup;
			children = (
				704D858427FEC96800716768 /* TaskModel.swift */,
			);
			path = Models;
			sourceTree = "<group>";
		};
		70AAC4AC2800168F00ABF66E /* Views */ = {
			isa = PBXGroup;
			children = (
				70AAC4AD2800172600ABF66E /* Onboarding */,
				7024F6BC28047B3F0008DA58 /* Detail Task */,
				704D858327FEBF1200716768 /* My Task */,
				70AAC4AE2800173900ABF66E /* 1-3-5 */,
			);
			path = Views;
			sourceTree = "<group>";
		};
		70AAC4AD2800172600ABF66E /* Onboarding */ = {
			isa = PBXGroup;
			children = (
				70AAC4B02800177B00ABF66E /* OnBoardingViewController.swift */,
			);
			path = Onboarding;
			sourceTree = "<group>";
		};
		70AAC4AE2800173900ABF66E /* 1-3-5 */ = {
			isa = PBXGroup;
			children = (
				7018B7902804292600F11FA7 /* PrioritizeViewController.swift */,
				70AAC4A927FFF0B400ABF66E /* HelpViewController.swift */,
			);
			path = "1-3-5";
			sourceTree = "<group>";
		};
		70AAC4AF2800175200ABF66E /* CustomTableViewCell */ = {
			isa = PBXGroup;
			children = (
				705AC0C527FD805B00DD3890 /* CustomTableViewCell.swift */,
			);
			path = CustomTableViewCell;
			sourceTree = "<group>";
		};
/* End PBXGroup section */

/* Begin PBXNativeTarget section */
		701C5C9727FC2FFE0021B59C /* Mini Challenge 1 Team 13 */ = {
			isa = PBXNativeTarget;
			buildConfigurationList = 701C5CAC27FC30010021B59C /* Build configuration list for PBXNativeTarget "Mini Challenge 1 Team 13" */;
			buildPhases = (
				701C5C9427FC2FFE0021B59C /* Sources */,
				701C5C9527FC2FFE0021B59C /* Frameworks */,
				701C5C9627FC2FFE0021B59C /* Resources */,
			);
			buildRules = (
			);
			dependencies = (
			);
			name = "Mini Challenge 1 Team 13";
			productName = "Mini Challenge 1 Team 13";
			productReference = 701C5C9827FC2FFE0021B59C /* Mini Challenge 1 Team 13.app */;
			productType = "com.apple.product-type.application";
		};
/* End PBXNativeTarget section */

/* Begin PBXProject section */
		701C5C9027FC2FFE0021B59C /* Project object */ = {
			isa = PBXProject;
			attributes = {
				BuildIndependentTargetsInParallel = 1;
				LastSwiftUpdateCheck = 1330;
				LastUpgradeCheck = 1330;
				TargetAttributes = {
					701C5C9727FC2FFE0021B59C = {
						CreatedOnToolsVersion = 13.3;
					};
				};
			};
			buildConfigurationList = 701C5C9327FC2FFE0021B59C /* Build configuration list for PBXProject "Mini Challenge 1 Team 13" */;
			compatibilityVersion = "Xcode 13.0";
			developmentRegion = en;
			hasScannedForEncodings = 0;
			knownRegions = (
				en,
				Base,
			);
			mainGroup = 701C5C8F27FC2FFE0021B59C;
			productRefGroup = 701C5C9927FC2FFE0021B59C /* Products */;
			projectDirPath = "";
			projectRoot = "";
			targets = (
				701C5C9727FC2FFE0021B59C /* Mini Challenge 1 Team 13 */,
			);
		};
/* End PBXProject section */

/* Begin PBXResourcesBuildPhase section */
		701C5C9627FC2FFE0021B59C /* Resources */ = {
			isa = PBXResourcesBuildPhase;
			buildActionMask = 2147483647;
			files = (
				701C5CA827FC30010021B59C /* LaunchScreen.storyboard in Resources */,
				701C5CA527FC30010021B59C /* Assets.xcassets in Resources */,
				701C5CA327FC2FFE0021B59C /* Main.storyboard in Resources */,
			);
			runOnlyForDeploymentPostprocessing = 0;
		};
/* End PBXResourcesBuildPhase section */

/* Begin PBXSourcesBuildPhase section */
		701C5C9427FC2FFE0021B59C /* Sources */ = {
			isa = PBXSourcesBuildPhase;
			buildActionMask = 2147483647;
			files = (
				70AAC4AA27FFF0B400ABF66E /* HelpViewController.swift in Sources */,
				704D858527FEC96800716768 /* TaskModel.swift in Sources */,
				705AC0C627FD805B00DD3890 /* CustomTableViewCell.swift in Sources */,
				70B4FFBB28056943008BBF83 /* PomodoroViewController.swift in Sources */,
				70F002A6280049A500DC34A2 /* TaskItem+CoreDataClass.swift in Sources */,
				7024F6C0280485070008DA58 /* FlowtimeViewController.swift in Sources */,
				7024F6BE280481A30008DA58 /* UserDefaults + Extension.swift in Sources */,
				70B4FFBD2805782F008BBF83 /* NSMutableAttributedString+Extension.swift in Sources */,
				704D858927FECEFF00716768 /* Model.xcdatamodeld in Sources */,
				701C5CA027FC2FFE0021B59C /* ViewController.swift in Sources */,
				7018B7912804292600F11FA7 /* PrioritizeViewController.swift in Sources */,
				704D859827FEE70000716768 /* AddTaskViewController.swift in Sources */,
				7018B78F280409DC00F11FA7 /* EditTaskViewController.swift in Sources */,
				701C5C9C27FC2FFE0021B59C /* AppDelegate.swift in Sources */,
				700FDFD22801359100B19911 /* DetailTaskViewController.swift in Sources */,
				701C5C9E27FC2FFE0021B59C /* SceneDelegate.swift in Sources */,
				70F002A7280049A500DC34A2 /* TaskItem+CoreDataProperties.swift in Sources */,
				70F002A32800375600DC34A2 /* AlertViewController.swift in Sources */,
				70AAC4B12800177B00ABF66E /* OnBoardingViewController.swift in Sources */,
			);
			runOnlyForDeploymentPostprocessing = 0;
		};
/* End PBXSourcesBuildPhase section */

/* Begin PBXVariantGroup section */
		701C5CA127FC2FFE0021B59C /* Main.storyboard */ = {
			isa = PBXVariantGroup;
			children = (
				701C5CA227FC2FFE0021B59C /* Base */,
			);
			name = Main.storyboard;
			sourceTree = "<group>";
		};
		701C5CA627FC30010021B59C /* LaunchScreen.storyboard */ = {
			isa = PBXVariantGroup;
			children = (
				701C5CA727FC30010021B59C /* Base */,
			);
			name = LaunchScreen.storyboard;
			sourceTree = "<group>";
		};
/* End PBXVariantGroup section */

/* Begin XCBuildConfiguration section */
		701C5CAA27FC30010021B59C /* Debug */ = {
			isa = XCBuildConfiguration;
			buildSettings = {
				ALWAYS_SEARCH_USER_PATHS = NO;
				CLANG_ANALYZER_NONNULL = YES;
				CLANG_ANALYZER_NUMBER_OBJECT_CONVERSION = YES_AGGRESSIVE;
				CLANG_CXX_LANGUAGE_STANDARD = "gnu++17";
				CLANG_ENABLE_MODULES = YES;
				CLANG_ENABLE_OBJC_ARC = YES;
				CLANG_ENABLE_OBJC_WEAK = YES;
				CLANG_WARN_BLOCK_CAPTURE_AUTORELEASING = YES;
				CLANG_WARN_BOOL_CONVERSION = YES;
				CLANG_WARN_COMMA = YES;
				CLANG_WARN_CONSTANT_CONVERSION = YES;
				CLANG_WARN_DEPRECATED_OBJC_IMPLEMENTATIONS = YES;
				CLANG_WARN_DIRECT_OBJC_ISA_USAGE = YES_ERROR;
				CLANG_WARN_DOCUMENTATION_COMMENTS = YES;
				CLANG_WARN_EMPTY_BODY = YES;
				CLANG_WARN_ENUM_CONVERSION = YES;
				CLANG_WARN_INFINITE_RECURSION = YES;
				CLANG_WARN_INT_CONVERSION = YES;
				CLANG_WARN_NON_LITERAL_NULL_CONVERSION = YES;
				CLANG_WARN_OBJC_IMPLICIT_RETAIN_SELF = YES;
				CLANG_WARN_OBJC_LITERAL_CONVERSION = YES;
				CLANG_WARN_OBJC_ROOT_CLASS = YES_ERROR;
				CLANG_WARN_QUOTED_INCLUDE_IN_FRAMEWORK_HEADER = YES;
				CLANG_WARN_RANGE_LOOP_ANALYSIS = YES;
				CLANG_WARN_STRICT_PROTOTYPES = YES;
				CLANG_WARN_SUSPICIOUS_MOVE = YES;
				CLANG_WARN_UNGUARDED_AVAILABILITY = YES_AGGRESSIVE;
				CLANG_WARN_UNREACHABLE_CODE = YES;
				CLANG_WARN__DUPLICATE_METHOD_MATCH = YES;
				COPY_PHASE_STRIP = NO;
				DEBUG_INFORMATION_FORMAT = dwarf;
				ENABLE_STRICT_OBJC_MSGSEND = YES;
				ENABLE_TESTABILITY = YES;
				GCC_C_LANGUAGE_STANDARD = gnu11;
				GCC_DYNAMIC_NO_PIC = NO;
				GCC_NO_COMMON_BLOCKS = YES;
				GCC_OPTIMIZATION_LEVEL = 0;
				GCC_PREPROCESSOR_DEFINITIONS = (
					"DEBUG=1",
					"$(inherited)",
				);
				GCC_WARN_64_TO_32_BIT_CONVERSION = YES;
				GCC_WARN_ABOUT_RETURN_TYPE = YES_ERROR;
				GCC_WARN_UNDECLARED_SELECTOR = YES;
				GCC_WARN_UNINITIALIZED_AUTOS = YES_AGGRESSIVE;
				GCC_WARN_UNUSED_FUNCTION = YES;
				GCC_WARN_UNUSED_VARIABLE = YES;
				IPHONEOS_DEPLOYMENT_TARGET = 15.4;
				MTL_ENABLE_DEBUG_INFO = INCLUDE_SOURCE;
				MTL_FAST_MATH = YES;
				ONLY_ACTIVE_ARCH = YES;
				SDKROOT = iphoneos;
				SWIFT_ACTIVE_COMPILATION_CONDITIONS = DEBUG;
				SWIFT_OPTIMIZATION_LEVEL = "-Onone";
			};
			name = Debug;
		};
		701C5CAB27FC30010021B59C /* Release */ = {
			isa = XCBuildConfiguration;
			buildSettings = {
				ALWAYS_SEARCH_USER_PATHS = NO;
				CLANG_ANALYZER_NONNULL = YES;
				CLANG_ANALYZER_NUMBER_OBJECT_CONVERSION = YES_AGGRESSIVE;
				CLANG_CXX_LANGUAGE_STANDARD = "gnu++17";
				CLANG_ENABLE_MODULES = YES;
				CLANG_ENABLE_OBJC_ARC = YES;
				CLANG_ENABLE_OBJC_WEAK = YES;
				CLANG_WARN_BLOCK_CAPTURE_AUTORELEASING = YES;
				CLANG_WARN_BOOL_CONVERSION = YES;
				CLANG_WARN_COMMA = YES;
				CLANG_WARN_CONSTANT_CONVERSION = YES;
				CLANG_WARN_DEPRECATED_OBJC_IMPLEMENTATIONS = YES;
				CLANG_WARN_DIRECT_OBJC_ISA_USAGE = YES_ERROR;
				CLANG_WARN_DOCUMENTATION_COMMENTS = YES;
				CLANG_WARN_EMPTY_BODY = YES;
				CLANG_WARN_ENUM_CONVERSION = YES;
				CLANG_WARN_INFINITE_RECURSION = YES;
				CLANG_WARN_INT_CONVERSION = YES;
				CLANG_WARN_NON_LITERAL_NULL_CONVERSION = YES;
				CLANG_WARN_OBJC_IMPLICIT_RETAIN_SELF = YES;
				CLANG_WARN_OBJC_LITERAL_CONVERSION = YES;
				CLANG_WARN_OBJC_ROOT_CLASS = YES_ERROR;
				CLANG_WARN_QUOTED_INCLUDE_IN_FRAMEWORK_HEADER = YES;
				CLANG_WARN_RANGE_LOOP_ANALYSIS = YES;
				CLANG_WARN_STRICT_PROTOTYPES = YES;
				CLANG_WARN_SUSPICIOUS_MOVE = YES;
				CLANG_WARN_UNGUARDED_AVAILABILITY = YES_AGGRESSIVE;
				CLANG_WARN_UNREACHABLE_CODE = YES;
				CLANG_WARN__DUPLICATE_METHOD_MATCH = YES;
				COPY_PHASE_STRIP = NO;
				DEBUG_INFORMATION_FORMAT = "dwarf-with-dsym";
				ENABLE_NS_ASSERTIONS = NO;
				ENABLE_STRICT_OBJC_MSGSEND = YES;
				GCC_C_LANGUAGE_STANDARD = gnu11;
				GCC_NO_COMMON_BLOCKS = YES;
				GCC_WARN_64_TO_32_BIT_CONVERSION = YES;
				GCC_WARN_ABOUT_RETURN_TYPE = YES_ERROR;
				GCC_WARN_UNDECLARED_SELECTOR = YES;
				GCC_WARN_UNINITIALIZED_AUTOS = YES_AGGRESSIVE;
				GCC_WARN_UNUSED_FUNCTION = YES;
				GCC_WARN_UNUSED_VARIABLE = YES;
				IPHONEOS_DEPLOYMENT_TARGET = 15.4;
				MTL_ENABLE_DEBUG_INFO = NO;
				MTL_FAST_MATH = YES;
				SDKROOT = iphoneos;
				SWIFT_COMPILATION_MODE = wholemodule;
				SWIFT_OPTIMIZATION_LEVEL = "-O";
				VALIDATE_PRODUCT = YES;
			};
			name = Release;
		};
		701C5CAD27FC30010021B59C /* Debug */ = {
			isa = XCBuildConfiguration;
			buildSettings = {
				ASSETCATALOG_COMPILER_APPICON_NAME = AppIcon;
				ASSETCATALOG_COMPILER_GLOBAL_ACCENT_COLOR_NAME = AccentColor;
				CODE_SIGN_STYLE = Automatic;
				CURRENT_PROJECT_VERSION = 1;
				GENERATE_INFOPLIST_FILE = YES;
				INFOPLIST_FILE = "Mini Challenge 1 Team 13/Info.plist";
				INFOPLIST_KEY_UIApplicationSupportsIndirectInputEvents = YES;
				INFOPLIST_KEY_UILaunchStoryboardName = LaunchScreen;
				INFOPLIST_KEY_UIMainStoryboardFile = Main;
				INFOPLIST_KEY_UISupportedInterfaceOrientations_iPad = "UIInterfaceOrientationPortrait UIInterfaceOrientationPortraitUpsideDown UIInterfaceOrientationLandscapeLeft UIInterfaceOrientationLandscapeRight";
				INFOPLIST_KEY_UISupportedInterfaceOrientations_iPhone = "UIInterfaceOrientationPortrait UIInterfaceOrientationLandscapeLeft UIInterfaceOrientationLandscapeRight";
				LD_RUNPATH_SEARCH_PATHS = (
					"$(inherited)",
					"@executable_path/Frameworks",
				);
				MARKETING_VERSION = 1.0;
				PRODUCT_BUNDLE_IDENTIFIER = "com.iplayallday.Mini-Challenge-1-Team-13";
				PRODUCT_NAME = "$(TARGET_NAME)";
				SWIFT_EMIT_LOC_STRINGS = YES;
				SWIFT_VERSION = 5.0;
				TARGETED_DEVICE_FAMILY = "1,2";
			};
			name = Debug;
		};
		701C5CAE27FC30010021B59C /* Release */ = {
			isa = XCBuildConfiguration;
			buildSettings = {
				ASSETCATALOG_COMPILER_APPICON_NAME = AppIcon;
				ASSETCATALOG_COMPILER_GLOBAL_ACCENT_COLOR_NAME = AccentColor;
				CODE_SIGN_STYLE = Automatic;
				CURRENT_PROJECT_VERSION = 1;
				GENERATE_INFOPLIST_FILE = YES;
				INFOPLIST_FILE = "Mini Challenge 1 Team 13/Info.plist";
				INFOPLIST_KEY_UIApplicationSupportsIndirectInputEvents = YES;
				INFOPLIST_KEY_UILaunchStoryboardName = LaunchScreen;
				INFOPLIST_KEY_UIMainStoryboardFile = Main;
				INFOPLIST_KEY_UISupportedInterfaceOrientations_iPad = "UIInterfaceOrientationPortrait UIInterfaceOrientationPortraitUpsideDown UIInterfaceOrientationLandscapeLeft UIInterfaceOrientationLandscapeRight";
				INFOPLIST_KEY_UISupportedInterfaceOrientations_iPhone = "UIInterfaceOrientationPortrait UIInterfaceOrientationLandscapeLeft UIInterfaceOrientationLandscapeRight";
				LD_RUNPATH_SEARCH_PATHS = (
					"$(inherited)",
					"@executable_path/Frameworks",
				);
				MARKETING_VERSION = 1.0;
				PRODUCT_BUNDLE_IDENTIFIER = "com.iplayallday.Mini-Challenge-1-Team-13";
				PRODUCT_NAME = "$(TARGET_NAME)";
				SWIFT_EMIT_LOC_STRINGS = YES;
				SWIFT_VERSION = 5.0;
				TARGETED_DEVICE_FAMILY = "1,2";
			};
			name = Release;
		};
/* End XCBuildConfiguration section */

/* Begin XCConfigurationList section */
		701C5C9327FC2FFE0021B59C /* Build configuration list for PBXProject "Mini Challenge 1 Team 13" */ = {
			isa = XCConfigurationList;
			buildConfigurations = (
				701C5CAA27FC30010021B59C /* Debug */,
				701C5CAB27FC30010021B59C /* Release */,
			);
			defaultConfigurationIsVisible = 0;
			defaultConfigurationName = Release;
		};
		701C5CAC27FC30010021B59C /* Build configuration list for PBXNativeTarget "Mini Challenge 1 Team 13" */ = {
			isa = XCConfigurationList;
			buildConfigurations = (
				701C5CAD27FC30010021B59C /* Debug */,
				701C5CAE27FC30010021B59C /* Release */,
			);
			defaultConfigurationIsVisible = 0;
			defaultConfigurationName = Release;
		};
/* End XCConfigurationList section */

/* Begin XCVersionGroup section */
		704D858727FECEFF00716768 /* Model.xcdatamodeld */ = {
			isa = XCVersionGroup;
			children = (
				704D858827FECEFF00716768 /* Model.xcdatamodel */,
			);
			currentVersion = 704D858827FECEFF00716768 /* Model.xcdatamodel */;
			path = Model.xcdatamodeld;
			sourceTree = "<group>";
			versionGroupType = wrapper.xcdatamodel;
		};
/* End XCVersionGroup section */
	};
	rootObject = 701C5C9027FC2FFE0021B59C /* Project object */;
}
